
Microsoft Visual Studio Solution File, Format Version 12.00
# Visual Studio Version 16
VisualStudioVersion = 16.0.31515.178
MinimumVisualStudioVersion = 10.0.40219.1
Project("{FAE04EC0-301F-11D3-BF4B-00C04F79EFBC}") = "AddressBook", "AddressBook.csproj", "{18562BD2-51DC-40C9-92B0-842682F768FC}"
EndProject
Global
	GlobalSection(SolutionConfigurationPlatforms) = preSolution
		Debug|Any CPU = Debug|Any CPU
		Release|Any CPU = Release|Any CPU
	EndGlobalSection
	GlobalSection(ProjectConfigurationPlatforms) = postSolution
		{18562BD2-51DC-40C9-92B0-842682F768FC}.Debug|Any CPU.ActiveCfg = Debug|Any CPU
		{18562BD2-51DC-40C9-92B0-842682F768FC}.Debug|Any CPU.Build.0 = Debug|Any CPU
		{18562BD2-51DC-40C9-92B0-842682F768FC}.Release|Any CPU.ActiveCfg = Release|Any CPU
		{18562BD2-51DC-40C9-92B0-842682F768FC}.Release|Any CPU.Build.0 = Release|Any CPU
	EndGlobalSection
	GlobalSection(SolutionProperties) = preSolution
		HideSolutionNode = FALSE
	EndGlobalSection
	GlobalSection(ExtensibilityGlobals) = postSolution
		SolutionGuid = {7A00A5BD-67D4-48F8-8363-912ED4E6A8ED}
	EndGlobalSection
EndGlobal
